
Microsoft Visual Studio Solution File, Format Version 12.00
# Visual Studio Version 17
VisualStudioVersion = 17.9.34714.143
MinimumVisualStudioVersion = 10.0.40219.1
Project("{FAE04EC0-301F-11D3-BF4B-00C04F79EFBC}") = "CountryCodeCrawler", "CountryCodeCrawler.csproj", "{3C9ED68E-42F3-47B2-A0D6-536E7217275C}"
EndProject
Global
	GlobalSection(SolutionConfigurationPlatforms) = preSolution
		Debug|Any CPU = Debug|Any CPU
		Release|Any CPU = Release|Any CPU
	EndGlobalSection
	GlobalSection(ProjectConfigurationPlatforms) = postSolution
		{3C9ED68E-42F3-47B2-A0D6-536E7217275C}.Debug|Any CPU.ActiveCfg = Debug|Any CPU
		{3C9ED68E-42F3-47B2-A0D6-536E7217275C}.Debug|Any CPU.Build.0 = Debug|Any CPU
		{3C9ED68E-42F3-47B2-A0D6-536E7217275C}.Release|Any CPU.ActiveCfg = Release|Any CPU
		{3C9ED68E-42F3-47B2-A0D6-536E7217275C}.Release|Any CPU.Build.0 = Release|Any CPU
	EndGlobalSection
	GlobalSection(SolutionProperties) = preSolution
		HideSolutionNode = FALSE
	EndGlobalSection
	GlobalSection(ExtensibilityGlobals) = postSolution
		SolutionGuid = {29176BB7-2C5F-4CB1-8576-7E352CD6A2C8}
	EndGlobalSection
EndGlobal
